// !$*UTF8*$!
{
	archiveVersion = 1;
	classes = {
	};
	objectVersion = 50;
	objects = {

/* Begin PBXBuildFile section */
		BAF36A89250CC43E000B9CD9 /* AppDelegate.swift in Sources */ = {isa = PBXBuildFile; fileRef = BAF36A88250CC43E000B9CD9 /* AppDelegate.swift */; };
		BAF36A8B250CC43E000B9CD9 /* SceneDelegate.swift in Sources */ = {isa = PBXBuildFile; fileRef = BAF36A8A250CC43E000B9CD9 /* SceneDelegate.swift */; };
		BAF36A8D250CC43E000B9CD9 /* ContentView.swift in Sources */ = {isa = PBXBuildFile; fileRef = BAF36A8C250CC43E000B9CD9 /* ContentView.swift */; };
		BAF36A8F250CC43F000B9CD9 /* Assets.xcassets in Resources */ = {isa = PBXBuildFile; fileRef = BAF36A8E250CC43F000B9CD9 /* Assets.xcassets */; };
		BAF36A92250CC43F000B9CD9 /* Preview Assets.xcassets in Resources */ = {isa = PBXBuildFile; fileRef = BAF36A91250CC43F000B9CD9 /* Preview Assets.xcassets */; };
		BAF36A95250CC43F000B9CD9 /* LaunchScreen.storyboard in Resources */ = {isa = PBXBuildFile; fileRef = BAF36A93250CC43F000B9CD9 /* LaunchScreen.storyboard */; };
/* End PBXBuildFile section */

/* Begin PBXFileReference section */
		BAF36A85250CC43E000B9CD9 /* a207SwiftUI.app */ = {isa = PBXFileReference; explicitFileType = wrapper.application; includeInIndex = 0; path = a207SwiftUI.app; sourceTree = BUILT_PRODUCTS_DIR; };
		BAF36A88250CC43E000B9CD9 /* AppDelegate.swift */ = {isa = PBXFileReference; lastKnownFileType = sourcecode.swift; path = AppDelegate.swift; sourceTree = "<group>"; };
		BAF36A8A250CC43E000B9CD9 /* SceneDelegate.swift */ = {isa = PBXFileReference; lastKnownFileType = sourcecode.swift; path = SceneDelegate.swift; sourceTree = "<group>"; };
		BAF36A8C250CC43E000B9CD9 /* ContentView.swift */ = {isa = PBXFileReference; lastKnownFileType = sourcecode.swift; path = ContentView.swift; sourceTree = "<group>"; };
		BAF36A8E250CC43F000B9CD9 /* Assets.xcassets */ = {isa = PBXFileReference; lastKnownFileType = folder.assetcatalog; path = Assets.xcassets; sourceTree = "<group>"; };
		BAF36A91250CC43F000B9CD9 /* Preview Assets.xcassets */ = {isa = PBXFileReference; lastKnownFileType = folder.assetcatalog; path = "Preview Assets.xcassets"; sourceTree = "<group>"; };
		BAF36A94250CC43F000B9CD9 /* Base */ = {isa = PBXFileReference; lastKnownFileType = file.storyboard; name = Base; path = Base.lproj/LaunchScreen.storyboard; sourceTree = "<group>"; };
		BAF36A96250CC43F000B9CD9 /* Info.plist */ = {isa = PBXFileReference; lastKnownFileType = text.plist.xml; path = Info.plist; sourceTree = "<group>"; };
/* End PBXFileReference section */

/* Begin PBXFrameworksBuildPhase section */
		BAF36A82250CC43E000B9CD9 /* Frameworks */ = {
			isa = PBXFrameworksBuildPhase;
			buildActionMask = 2147483647;
			files = (
			);
			runOnlyForDeploymentPostprocessing = 0;
		};
/* End PBXFrameworksBuildPhase section */

/* Begin PBXGroup section */
		BAF36A7C250CC43E000B9CD9 = {
			isa = PBXGroup;
			children = (
				BAF36A87250CC43E000B9CD9 /* a207SwiftUI */,
				BAF36A86250CC43E000B9CD9 /* Products */,
			);
			sourceTree = "<group>";
		};
		BAF36A86250CC43E000B9CD9 /* Products */ = {
			isa = PBXGroup;
			children = (
				BAF36A85250CC43E000B9CD9 /* a207SwiftUI.app */,
			);
			name = Products;
			sourceTree = "<group>";
		};
		BAF36A87250CC43E000B9CD9 /* a207SwiftUI */ = {
			isa = PBXGroup;
			children = (
				BAF36A88250CC43E000B9CD9 /* AppDelegate.swift */,
				BAF36A8A250CC43E000B9CD9 /* SceneDelegate.swift */,
				BAF36A8C250CC43E000B9CD9 /* ContentView.swift */,
				BAF36A8E250CC43F000B9CD9 /* Assets.xcassets */,
				BAF36A93250CC43F000B9CD9 /* LaunchScreen.storyboard */,
				BAF36A96250CC43F000B9CD9 /* Info.plist */,
				BAF36A90250CC43F000B9CD9 /* Preview Content */,
			);
			path = a207SwiftUI;
			sourceTree = "<group>";
		};
		BAF36A90250CC43F000B9CD9 /* Preview Content */ = {
			isa = PBXGroup;
			children = (
				BAF36A91250CC43F000B9CD9 /* Preview Assets.xcassets */,
			);
			path = "Preview Content";
			sourceTree = "<group>";
		};
/* End PBXGroup section */

/* Begin PBXNativeTarget section */
		BAF36A84250CC43E000B9CD9 /* a207SwiftUI */ = {
			isa = PBXNativeTarget;
			buildConfigurationList = BAF36A99250CC43F000B9CD9 /* Build configuration list for PBXNativeTarget "a207SwiftUI" */;
			buildPhases = (
				BAF36A81250CC43E000B9CD9 /* Sources */,
				BAF36A82250CC43E000B9CD9 /* Frameworks */,
				BAF36A83250CC43E000B9CD9 /* Resources */,
			);
			buildRules = (
			);
			dependencies = (
			);
			name = a207SwiftUI;
			productName = a207SwiftUI;
			productReference = BAF36A85250CC43E000B9CD9 /* a207SwiftUI.app */;
			productType = "com.apple.product-type.application";
		};
/* End PBXNativeTarget section */

/* Begin PBXProject section */
		BAF36A7D250CC43E000B9CD9 /* Project object */ = {
			isa = PBXProject;
			attributes = {
				LastSwiftUpdateCheck = 1170;
				LastUpgradeCheck = 1170;
				ORGANIZATIONNAME = "申潤五";
				TargetAttributes = {
					BAF36A84250CC43E000B9CD9 = {
						CreatedOnToolsVersion = 11.7;
					};
				};
			};
			buildConfigurationList = BAF36A80250CC43E000B9CD9 /* Build configuration list for PBXProject "a207SwiftUI" */;
			compatibilityVersion = "Xcode 9.3";
			developmentRegion = en;
			hasScannedForEncodings = 0;
			knownRegions = (
				en,
				Base,
			);
			mainGroup = BAF36A7C250CC43E000B9CD9;
			productRefGroup = BAF36A86250CC43E000B9CD9 /* Products */;
			projectDirPath = "";
			projectRoot = "";
			targets = (
				BAF36A84250CC43E000B9CD9 /* a207SwiftUI */,
			);
		};
/* End PBXProject section */

/* Begin PBXResourcesBuildPhase section */
		BAF36A83250CC43E000B9CD9 /* Resources */ = {
			isa = PBXResourcesBuildPhase;
			buildActionMask = 2147483647;
			files = (
				BAF36A95250CC43F000B9CD9 /* LaunchScreen.storyboard in Resources */,
				BAF36A92250CC43F000B9CD9 /* Preview Assets.xcassets in Resources */,
				BAF36A8F250CC43F000B9CD9 /* Assets.xcassets in Resources */,
			);
			runOnlyForDeploymentPostprocessing = 0;
		};
/* End PBXResourcesBuildPhase section */

/* Begin PBXSourcesBuildPhase section */
		BAF36A81250CC43E000B9CD9 /* Sources */ = {
			isa = PBXSourcesBuildPhase;
			buildActionMask = 2147483647;
			files = (
				BAF36A89250CC43E000B9CD9 /* AppDelegate.swift in Sources */,
				BAF36A8B250CC43E000B9CD9 /* SceneDelegate.swift in Sources */,
				BAF36A8D250CC43E000B9CD9 /* ContentView.swift in Sources */,
			);
			runOnlyForDeploymentPostprocessing = 0;
		};
/* End PBXSourcesBuildPhase section */

/* Begin PBXVariantGroup section */
		BAF36A93250CC43F000B9CD9 /* LaunchScreen.storyboard */ = {
			isa = PBXVariantGroup;
			children = (
				BAF36A94250CC43F000B9CD9 /* Base */,
			);
			name = LaunchScreen.storyboard;
			sourceTree = "<group>";
		};
/* End PBXVariantGroup section */

/* Begin XCBuildConfiguration section */
		BAF36A97250CC43F000B9CD9 /* Debug */ = {
			isa = XCBuildConfiguration;
			buildSettings = {
				ALWAYS_SEARCH_USER_PATHS = NO;
				CLANG_ANALYZER_NONNULL = YES;
				CLANG_ANALYZER_NUMBER_OBJECT_CONVERSION = YES_AGGRESSIVE;
				CLANG_CXX_LANGUAGE_STANDARD = "gnu++14";
				CLANG_CXX_LIBRARY = "libc++";
				CLANG_ENABLE_MODULES = YES;
				CLANG_ENABLE_OBJC_ARC = YES;
				CLANG_ENABLE_OBJC_WEAK = YES;
				CLANG_WARN_BLOCK_CAPTURE_AUTORELEASING = YES;
				CLANG_WARN_BOOL_CONVERSION = YES;
				CLANG_WARN_COMMA = YES;
				CLANG_WARN_CONSTANT_CONVERSION = YES;
				CLANG_WARN_DEPRECATED_OBJC_IMPLEMENTATIONS = YES;
				CLANG_WARN_DIRECT_OBJC_ISA_USAGE = YES_ERROR;
				CLANG_WARN_DOCUMENTATION_COMMENTS = YES;
				CLANG_WARN_EMPTY_BODY = YES;
				CLANG_WARN_ENUM_CONVERSION = YES;
				CLANG_WARN_INFINITE_RECURSION = YES;
				CLANG_WARN_INT_CONVERSION = YES;
				CLANG_WARN_NON_LITERAL_NULL_CONVERSION = YES;
				CLANG_WARN_OBJC_IMPLICIT_RETAIN_SELF = YES;
				CLANG_WARN_OBJC_LITERAL_CONVERSION = YES;
				CLANG_WARN_OBJC_ROOT_CLASS = YES_ERROR;
				CLANG_WARN_RANGE_LOOP_ANALYSIS = YES;
				CLANG_WARN_STRICT_PROTOTYPES = YES;
				CLANG_WARN_SUSPICIOUS_MOVE = YES;
				CLANG_WARN_UNGUARDED_AVAILABILITY = YES_AGGRESSIVE;
				CLANG_WARN_UNREACHABLE_CODE = YES;
				CLANG_WARN__DUPLICATE_METHOD_MATCH = YES;
				COPY_PHASE_STRIP = NO;
				DEBUG_INFORMATION_FORMAT = dwarf;
				ENABLE_STRICT_OBJC_MSGSEND = YES;
				ENABLE_TESTABILITY = YES;
				GCC_C_LANGUAGE_STANDARD = gnu11;
				GCC_DYNAMIC_NO_PIC = NO;
				GCC_NO_COMMON_BLOCKS = YES;
				GCC_OPTIMIZATION_LEVEL = 0;
				GCC_PREPROCESSOR_DEFINITIONS = (
					"DEBUG=1",
					"$(inherited)",
				);
				GCC_WARN_64_TO_32_BIT_CONVERSION = YES;
				GCC_WARN_ABOUT_RETURN_TYPE = YES_ERROR;
				GCC_WARN_UNDECLARED_SELECTOR = YES;
				GCC_WARN_UNINITIALIZED_AUTOS = YES_AGGRESSIVE;
				GCC_WARN_UNUSED_FUNCTION = YES;
				GCC_WARN_UNUSED_VARIABLE = YES;
				IPHONEOS_DEPLOYMENT_TARGET = 13.7;
				MTL_ENABLE_DEBUG_INFO = INCLUDE_SOURCE;
				MTL_FAST_MATH = YES;
				ONLY_ACTIVE_ARCH = YES;
				SDKROOT = iphoneos;
				SWIFT_ACTIVE_COMPILATION_CONDITIONS = DEBUG;
				SWIFT_OPTIMIZATION_LEVEL = "-Onone";
			};
			name = Debug;
		};
		BAF36A98250CC43F000B9CD9 /* Release */ = {
			isa = XCBuildConfiguration;
			buildSettings = {
				ALWAYS_SEARCH_USER_PATHS = NO;
				CLANG_ANALYZER_NONNULL = YES;
				CLANG_ANALYZER_NUMBER_OBJECT_CONVERSION = YES_AGGRESSIVE;
				CLANG_CXX_LANGUAGE_STANDARD = "gnu++14";
				CLANG_CXX_LIBRARY = "libc++";
				CLANG_ENABLE_MODULES = YES;
				CLANG_ENABLE_OBJC_ARC = YES;
				CLANG_ENABLE_OBJC_WEAK = YES;
				CLANG_WARN_BLOCK_CAPTURE_AUTORELEASING = YES;
				CLANG_WARN_BOOL_CONVERSION = YES;
				CLANG_WARN_COMMA = YES;
				CLANG_WARN_CONSTANT_CONVERSION = YES;
				CLANG_WARN_DEPRECATED_OBJC_IMPLEMENTATIONS = YES;
				CLANG_WARN_DIRECT_OBJC_ISA_USAGE = YES_ERROR;
				CLANG_WARN_DOCUMENTATION_COMMENTS = YES;
				CLANG_WARN_EMPTY_BODY = YES;
				CLANG_WARN_ENUM_CONVERSION = YES;
				CLANG_WARN_INFINITE_RECURSION = YES;
				CLANG_WARN_INT_CONVERSION = YES;
				CLANG_WARN_NON_LITERAL_NULL_CONVERSION = YES;
				CLANG_WARN_OBJC_IMPLICIT_RETAIN_SELF = YES;
				CLANG_WARN_OBJC_LITERAL_CONVERSION = YES;
				CLANG_WARN_OBJC_ROOT_CLASS = YES_ERROR;
				CLANG_WARN_RANGE_LOOP_ANALYSIS = YES;
				CLANG_WARN_STRICT_PROTOTYPES = YES;
				CLANG_WARN_SUSPICIOUS_MOVE = YES;
				CLANG_WARN_UNGUARDED_AVAILABILITY = YES_AGGRESSIVE;
				CLANG_WARN_UNREACHABLE_CODE = YES;
				CLANG_WARN__DUPLICATE_METHOD_MATCH = YES;
				COPY_PHASE_STRIP = NO;
				DEBUG_INFORMATION_FORMAT = "dwarf-with-dsym";
				ENABLE_NS_ASSERTIONS = NO;
				ENABLE_STRICT_OBJC_MSGSEND = YES;
				GCC_C_LANGUAGE_STANDARD = gnu11;
				GCC_NO_COMMON_BLOCKS = YES;
				GCC_WARN_64_TO_32_BIT_CONVERSION = YES;
				GCC_WARN_ABOUT_RETURN_TYPE = YES_ERROR;
				GCC_WARN_UNDECLARED_SELECTOR = YES;
				GCC_WARN_UNINITIALIZED_AUTOS = YES_AGGRESSIVE;
				GCC_WARN_UNUSED_FUNCTION = YES;
				GCC_WARN_UNUSED_VARIABLE = YES;
				IPHONEOS_DEPLOYMENT_TARGET = 13.7;
				MTL_ENABLE_DEBUG_INFO = NO;
				MTL_FAST_MATH = YES;
				SDKROOT = iphoneos;
				SWIFT_COMPILATION_MODE = wholemodule;
				SWIFT_OPTIMIZATION_LEVEL = "-O";
				VALIDATE_PRODUCT = YES;
			};
			name = Release;
		};
		BAF36A9A250CC43F000B9CD9 /* Debug */ = {
			isa = XCBuildConfiguration;
			buildSettings = {
				ASSETCATALOG_COMPILER_APPICON_NAME = AppIcon;
				CODE_SIGN_STYLE = Automatic;
				DEVELOPMENT_ASSET_PATHS = "\"a207SwiftUI/Preview Content\"";
				DEVELOPMENT_TEAM = XSVW22JPST;
				ENABLE_PREVIEWS = YES;
				INFOPLIST_FILE = a207SwiftUI/Info.plist;
				LD_RUNPATH_SEARCH_PATHS = (
					"$(inherited)",
					"@executable_path/Frameworks",
				);
				PRODUCT_BUNDLE_IDENTIFIER = idev.sjw.a207SwiftUI;
				PRODUCT_NAME = "$(TARGET_NAME)";
				SWIFT_VERSION = 5.0;
				TARGETED_DEVICE_FAMILY = "1,2";
			};
			name = Debug;
		};
		BAF36A9B250CC43F000B9CD9 /* Release */ = {
			isa = XCBuildConfiguration;
			buildSettings = {
				ASSETCATALOG_COMPILER_APPICON_NAME = AppIcon;
				CODE_SIGN_STYLE = Automatic;
				DEVELOPMENT_ASSET_PATHS = "\"a207SwiftUI/Preview Content\"";
				DEVELOPMENT_TEAM = XSVW22JPST;
				ENABLE_PREVIEWS = YES;
				INFOPLIST_FILE = a207SwiftUI/Info.plist;
				LD_RUNPATH_SEARCH_PATHS = (
					"$(inherited)",
					"@executable_path/Frameworks",
				);
				PRODUCT_BUNDLE_IDENTIFIER = idev.sjw.a207SwiftUI;
				PRODUCT_NAME = "$(TARGET_NAME)";
				SWIFT_VERSION = 5.0;
				TARGETED_DEVICE_FAMILY = "1,2";
			};
			name = Release;
		};
/* End XCBuildConfiguration section */

/* Begin XCConfigurationList section */
		BAF36A80250CC43E000B9CD9 /* Build configuration list for PBXProject "a207SwiftUI" */ = {
			isa = XCConfigurationList;
			buildConfigurations = (
				BAF36A97250CC43F000B9CD9 /* Debug */,
				BAF36A98250CC43F000B9CD9 /* Release */,
			);
			defaultConfigurationIsVisible = 0;
			defaultConfigurationName = Release;
		};
		BAF36A99250CC43F000B9CD9 /* Build configuration list for PBXNativeTarget "a207SwiftUI" */ = {
			isa = XCConfigurationList;
			buildConfigurations = (
				BAF36A9A250CC43F000B9CD9 /* Debug */,
				BAF36A9B250CC43F000B9CD9 /* Release */,
			);
			defaultConfigurationIsVisible = 0;
			defaultConfigurationName = Release;
		};
/* End XCConfigurationList section */
	};
	rootObject = BAF36A7D250CC43E000B9CD9 /* Project object */;
}
